
Microsoft Visual Studio Solution File, Format Version 12.00
# Visual Studio Version 16
VisualStudioVersion = 16.0.31424.327
MinimumVisualStudioVersion = 10.0.40219.1
Project("{9A19103F-16F7-4668-BE54-9A1E7A4F7556}") = "HelloVSSourceControl", "HelloVSSourceControl\HelloVSSourceControl.csproj", "{1F8180FC-E955-46DB-9051-A26C9AF97297}"
EndProject
Project("{00D1A9C2-B5F0-4AF3-8072-F6C62B433612}") = "VehicleInventoryDB", "VehicleInventoryDB\VehicleInventoryDB.sqlproj", "{0E41F333-3601-47B0-8360-2F13633278AE}"
EndProject
Global
	GlobalSection(SolutionConfigurationPlatforms) = preSolution
		Debug|Any CPU = Debug|Any CPU
		Release|Any CPU = Release|Any CPU
	EndGlobalSection
	GlobalSection(ProjectConfigurationPlatforms) = postSolution
		{1F8180FC-E955-46DB-9051-A26C9AF97297}.Debug|Any CPU.ActiveCfg = Debug|Any CPU
		{1F8180FC-E955-46DB-9051-A26C9AF97297}.Debug|Any CPU.Build.0 = Debug|Any CPU
		{1F8180FC-E955-46DB-9051-A26C9AF97297}.Release|Any CPU.ActiveCfg = Release|Any CPU
		{1F8180FC-E955-46DB-9051-A26C9AF97297}.Release|Any CPU.Build.0 = Release|Any CPU
		{0E41F333-3601-47B0-8360-2F13633278AE}.Debug|Any CPU.ActiveCfg = Debug|Any CPU
		{0E41F333-3601-47B0-8360-2F13633278AE}.Debug|Any CPU.Build.0 = Debug|Any CPU
		{0E41F333-3601-47B0-8360-2F13633278AE}.Debug|Any CPU.Deploy.0 = Debug|Any CPU
		{0E41F333-3601-47B0-8360-2F13633278AE}.Release|Any CPU.ActiveCfg = Release|Any CPU
		{0E41F333-3601-47B0-8360-2F13633278AE}.Release|Any CPU.Build.0 = Release|Any CPU
		{0E41F333-3601-47B0-8360-2F13633278AE}.Release|Any CPU.Deploy.0 = Release|Any CPU
	EndGlobalSection
	GlobalSection(SolutionProperties) = preSolution
		HideSolutionNode = FALSE
	EndGlobalSection
	GlobalSection(ExtensibilityGlobals) = postSolution
		SolutionGuid = {9179EECE-B6FE-478A-9547-9E92F050354E}
	EndGlobalSection
EndGlobal
